[[package]]
name = "argcomplete"
version = "1.8.2"
description = "Bash tab completion for argparse"
category = "main"
optional = false
python-versions = "*"

[package.extras]
test = ["coverage", "flake8", "pexpect", "wheel"]

[[package]]
name = "fas"
version = "0.1.5"
description = "FaaSpot Client"
category = "main"
optional = false
python-versions = "*"

[package.dependencies]
argcomplete = "1.8.2"
future = "0.16.0"
prettytable = "0.7.2"
PyYAML = "3.10"
requests = "2.7.0"
retrying = "1.3.3"
six = "1.10.0"

[[package]]
name = "future"
version = "0.16.0"
description = "Clean single-source support for Python 3 and 2"
category = "main"
optional = false
python-versions = "*"

[[package]]
name = "prettytable"
version = "0.7.2"
description = "A simple Python library for easily displaying tabular data in a visually appealing ASCII table format."
category = "main"
optional = false
python-versions = "*"

[[package]]
name = "pyyaml"
version = "3.10"
description = "YAML parser and emitter for Python"
category = "main"
optional = false
python-versions = "*"

[[package]]
name = "requests"
version = "2.7.0"
description = "Python HTTP for Humans."
category = "main"
optional = false
python-versions = "*"

[package.extras]
security = ["ndg-httpsclient", "pyasn1", "pyopenssl"]

[[package]]
name = "retrying"
version = "1.3.3"
description = "Retrying"
category = "main"
optional = false
python-versions = "*"

[package.dependencies]
six = ">=1.7.0"

[[package]]
name = "six"
version = "1.10.0"
description = "Python 2 and 3 compatibility utilities"
category = "main"
optional = false
python-versions = "*"

[metadata]
lock-version = "1.1"
python-versions = "^3.10"
content-hash = "107d050f9b3af88c97372847be44da274e84ec18d4240326074a6c7dafa2007e"

[metadata.files]
argcomplete = [
    {file = "argcomplete-1.8.2-py2.py3-none-any.whl", hash = "sha256:c2a0a88492c31a42dde41636fbd4c406cde78fe7fb938ab511b733bff6358782"},
    {file = "argcomplete-1.8.2.tar.gz", hash = "sha256:7a2ccde074eb6631232b2f91f8d8d5985d5bebf0e36b091113096e3a0385546b"},
]
fas = [
    {file = "fas-0.1.5.tar.gz", hash = "sha256:ae88dbefd875d2212ef98e8c15bf29b08219f7deb4935c9a7b5d67f8d0c0cf3d"},
]
future = [
    {file = "future-0.16.0.tar.gz", hash = "sha256:e39ced1ab767b5936646cedba8bcce582398233d6a627067d4c6a454c90cfedb"},
]
prettytable = [
    {file = "prettytable-0.7.2.tar.bz2", hash = "sha256:853c116513625c738dc3ce1aee148b5b5757a86727e67eff6502c7ca59d43c36"},
    {file = "prettytable-0.7.2.tar.gz", hash = "sha256:2d5460dc9db74a32bcc8f9f67de68b2c4f4d2f01fa3bd518764c69156d9cacd9"},
    {file = "prettytable-0.7.2.zip", hash = "sha256:a53da3b43d7a5c229b5e3ca2892ef982c46b7923b51e98f0db49956531211c4f"},
]
pyyaml = [
    {file = "PyYAML-3.10.tar.gz", hash = "sha256:e713da45c96ca53a3a8b48140d4120374db622df16ab71759c9ceb5b8d46fe7c"},
    {file = "PyYAML-3.10.win32-py2.5.exe", hash = "sha256:f7c8a1c45c54e939acf2819b10eee61d29212962d96431653b01556f5ea5b660"},
    {file = "PyYAML-3.10.win32-py2.6.exe", hash = "sha256:3cf9e8298df49f80888ab3d95bcfa0e970788c3c92248497b21c75431bb78493"},
    {file = "PyYAML-3.10.win32-py2.7.exe", hash = "sha256:65d4bc2de0aa3b63c1139d22987d895a0db5da494885e01dc7b20580aa648f9c"},
    {file = "PyYAML-3.10.win32-py3.0.exe", hash = "sha256:bf52ee7e6f62c247d2dd1102304cadd47a0bddde41fe04c46b1f147c97895744"},
    {file = "PyYAML-3.10.win32-py3.1.exe", hash = "sha256:906e8229128b19f716467725d271d0054ce78a8eb4e42c1cfec461e49f0adf1f"},
    {file = "PyYAML-3.10.win32-py3.2.exe", hash = "sha256:76ee2cbe4131047828aed07ccee9b5019eeed3c68f62d82dc4493683361b9dda"},
    {file = "PyYAML-3.10.zip", hash = "sha256:4a612876bfac22be403a39cbff64b8aac7ce3fed4c11778c59f79232943b22e4"},
]
requests = [
    {file = "requests-2.7.0-py2.py3-none-any.whl", hash = "sha256:20f976cdce02a42b69ce80e9e03897a51814b36d448b37288546086ebc473146"},
    {file = "requests-2.7.0.tar.gz", hash = "sha256:398a3db6d61899d25fd4a06c6ca12051b0ce171d705decd7ed5511517b4bb93d"},
]
retrying = [
    {file = "retrying-1.3.3.tar.gz", hash = "sha256:08c039560a6da2fe4f2c426d0766e284d3b736e355f8dd24b37367b0bb41973b"},
]
six = [
    {file = "six-1.10.0-py2.py3-none-any.whl", hash = "sha256:0ff78c403d9bccf5a425a6d31a12aa6b47f1c21ca4dc2573a7e2f32a97335eb1"},
    {file = "six-1.10.0.tar.gz", hash = "sha256:105f8d68616f8248e24bf0e9372ef04d3cc10104f1980f54d57b2ce73a5ad56a"},
]
